
Microsoft Visual Studio Solution File, Format Version 12.00
# Visual Studio Version 16
VisualStudioVersion = 16.0.30225.117
MinimumVisualStudioVersion = 10.0.40219.1
Project("{FAE04EC0-301F-11D3-BF4B-00C04F79EFBC}") = "WebApplication3", "WebApplication3\WebApplication3.csproj", "{36350C58-0DB0-494B-9C6C-6BD996695561}"
EndProject
Global
	GlobalSection(SolutionConfigurationPlatforms) = preSolution
		Debug|Any CPU = Debug|Any CPU
		Release|Any CPU = Release|Any CPU
	EndGlobalSection
	GlobalSection(ProjectConfigurationPlatforms) = postSolution
		{36350C58-0DB0-494B-9C6C-6BD996695561}.Debug|Any CPU.ActiveCfg = Debug|Any CPU
		{36350C58-0DB0-494B-9C6C-6BD996695561}.Debug|Any CPU.Build.0 = Debug|Any CPU
		{36350C58-0DB0-494B-9C6C-6BD996695561}.Release|Any CPU.ActiveCfg = Release|Any CPU
		{36350C58-0DB0-494B-9C6C-6BD996695561}.Release|Any CPU.Build.0 = Release|Any CPU
	EndGlobalSection
	GlobalSection(SolutionProperties) = preSolution
		HideSolutionNode = FALSE
	EndGlobalSection
	GlobalSection(ExtensibilityGlobals) = postSolution
		SolutionGuid = {3F9ACEA4-B77E-41F7-A18A-72561A778407}
	EndGlobalSection
EndGlobal
