
Microsoft Visual Studio Solution File, Format Version 12.00
# Visual Studio Version 16
VisualStudioVersion = 16.0.30225.117
MinimumVisualStudioVersion = 10.0.40219.1
Project("{FAE04EC0-301F-11D3-BF4B-00C04F79EFBC}") = "WebApplication2", "WebApplication2\WebApplication2.csproj", "{AE063390-F9AB-4108-B9AB-0E2B33126E46}"
EndProject
Global
	GlobalSection(SolutionConfigurationPlatforms) = preSolution
		Debug|Any CPU = Debug|Any CPU
		Release|Any CPU = Release|Any CPU
	EndGlobalSection
	GlobalSection(ProjectConfigurationPlatforms) = postSolution
		{AE063390-F9AB-4108-B9AB-0E2B33126E46}.Debug|Any CPU.ActiveCfg = Debug|Any CPU
		{AE063390-F9AB-4108-B9AB-0E2B33126E46}.Debug|Any CPU.Build.0 = Debug|Any CPU
		{AE063390-F9AB-4108-B9AB-0E2B33126E46}.Release|Any CPU.ActiveCfg = Release|Any CPU
		{AE063390-F9AB-4108-B9AB-0E2B33126E46}.Release|Any CPU.Build.0 = Release|Any CPU
	EndGlobalSection
	GlobalSection(SolutionProperties) = preSolution
		HideSolutionNode = FALSE
	EndGlobalSection
	GlobalSection(ExtensibilityGlobals) = postSolution
		SolutionGuid = {D596B547-1D45-469F-B75A-98CC59E62AA9}
	EndGlobalSection
EndGlobal
